
Microsoft Visual Studio Solution File, Format Version 12.00
# Visual Studio Version 17
VisualStudioVersion = 17.10.35027.167
MinimumVisualStudioVersion = 10.0.40219.1
Project("{FAE04EC0-301F-11D3-BF4B-00C04F79EFBC}") = "ACT10", "ACT10\ACT10.csproj", "{BEDD5F82-7FB1-436F-A368-4DAD2C135896}"
EndProject
Global
	GlobalSection(SolutionConfigurationPlatforms) = preSolution
		Debug|Any CPU = Debug|Any CPU
		Release|Any CPU = Release|Any CPU
	EndGlobalSection
	GlobalSection(ProjectConfigurationPlatforms) = postSolution
		{BEDD5F82-7FB1-436F-A368-4DAD2C135896}.Debug|Any CPU.ActiveCfg = Debug|Any CPU
		{BEDD5F82-7FB1-436F-A368-4DAD2C135896}.Debug|Any CPU.Build.0 = Debug|Any CPU
		{BEDD5F82-7FB1-436F-A368-4DAD2C135896}.Release|Any CPU.ActiveCfg = Release|Any CPU
		{BEDD5F82-7FB1-436F-A368-4DAD2C135896}.Release|Any CPU.Build.0 = Release|Any CPU
	EndGlobalSection
	GlobalSection(SolutionProperties) = preSolution
		HideSolutionNode = FALSE
	EndGlobalSection
	GlobalSection(ExtensibilityGlobals) = postSolution
		SolutionGuid = {51BE4C24-109E-4896-8393-F566711BE507}
	EndGlobalSection
EndGlobal
